
Microsoft Visual Studio Solution File, Format Version 12.00
# Visual Studio Version 16
VisualStudioVersion = 16.0.30413.136
MinimumVisualStudioVersion = 10.0.40219.1
Project("{FAE04EC0-301F-11D3-BF4B-00C04F79EFBC}") = "PieShop", "PieShop\PieShop.csproj", "{DE463E44-3480-4242-95BE-7C2844F396F9}"
EndProject
Global
	GlobalSection(SolutionConfigurationPlatforms) = preSolution
		Debug|Any CPU = Debug|Any CPU
		Release|Any CPU = Release|Any CPU
	EndGlobalSection
	GlobalSection(ProjectConfigurationPlatforms) = postSolution
		{DE463E44-3480-4242-95BE-7C2844F396F9}.Debug|Any CPU.ActiveCfg = Debug|Any CPU
		{DE463E44-3480-4242-95BE-7C2844F396F9}.Debug|Any CPU.Build.0 = Debug|Any CPU
		{DE463E44-3480-4242-95BE-7C2844F396F9}.Release|Any CPU.ActiveCfg = Release|Any CPU
		{DE463E44-3480-4242-95BE-7C2844F396F9}.Release|Any CPU.Build.0 = Release|Any CPU
	EndGlobalSection
	GlobalSection(SolutionProperties) = preSolution
		HideSolutionNode = FALSE
	EndGlobalSection
	GlobalSection(ExtensibilityGlobals) = postSolution
		SolutionGuid = {746A2853-906F-42E6-93B4-076C5E5DBD17}
	EndGlobalSection
EndGlobal
